
Microsoft Visual Studio Solution File, Format Version 12.00
# Visual Studio Version 17
VisualStudioVersion = 17.11.35327.3
MinimumVisualStudioVersion = 10.0.40219.1
Project("{FAE04EC0-301F-11D3-BF4B-00C04F79EFBC}") = "proyectoElectro", "proyectoElectro\proyectoElectro.csproj", "{173C5689-24A9-4A39-BA00-1982E94A17E0}"
EndProject
Global
	GlobalSection(SolutionConfigurationPlatforms) = preSolution
		Debug|Any CPU = Debug|Any CPU
		Release|Any CPU = Release|Any CPU
	EndGlobalSection
	GlobalSection(ProjectConfigurationPlatforms) = postSolution
		{173C5689-24A9-4A39-BA00-1982E94A17E0}.Debug|Any CPU.ActiveCfg = Debug|Any CPU
		{173C5689-24A9-4A39-BA00-1982E94A17E0}.Debug|Any CPU.Build.0 = Debug|Any CPU
		{173C5689-24A9-4A39-BA00-1982E94A17E0}.Release|Any CPU.ActiveCfg = Release|Any CPU
		{173C5689-24A9-4A39-BA00-1982E94A17E0}.Release|Any CPU.Build.0 = Release|Any CPU
	EndGlobalSection
	GlobalSection(SolutionProperties) = preSolution
		HideSolutionNode = FALSE
	EndGlobalSection
	GlobalSection(ExtensibilityGlobals) = postSolution
		SolutionGuid = {46DA1BB7-48FC-45DB-BB25-AB0FA59E8DBD}
	EndGlobalSection
EndGlobal
